
Microsoft Visual Studio Solution File, Format Version 12.00
# Visual Studio Version 17
VisualStudioVersion = 17.14.36109.1
MinimumVisualStudioVersion = 10.0.40219.1
Project("{FAE04EC0-301F-11D3-BF4B-00C04F79EFBC}") = "InvoiceGenerator.Core", "InvoiceGenerator.Core\InvoiceGenerator.Core.csproj", "{D5ADC516-0ACB-4C6C-9563-181F05AE3207}"
EndProject
Project("{FAE04EC0-301F-11D3-BF4B-00C04F79EFBC}") = "InvoiceGenerator.TDC", "InvoiceGenerator.TDC\InvoiceGenerator.TDC.csproj", "{1805C554-BFA8-44F3-8CC5-DBD7DFA86BCA}"
EndProject
Project("{FAE04EC0-301F-11D3-BF4B-00C04F79EFBC}") = "InvoiceGenerator.TS", "InvoiceGenerator.TS\InvoiceGenerator.TS.csproj", "{5315EE99-80AC-44DD-B590-9D036624BFF0}"
EndProject
Project("{FAE04EC0-301F-11D3-BF4B-00C04F79EFBC}") = "InvoiceGenerator2.Core", "InvoiceGenerator2.Core\InvoiceGenerator2.Core.csproj", "{6B528EBF-82B1-46DB-8145-1ABA3936CE03}"
EndProject
Project("{2150E333-8FDC-42A3-9474-1A3956D46DE8}") = "Current", "Current", "{02EA681E-C7D8-13C7-8484-4AC65E1B71E8}"
EndProject
Project("{2150E333-8FDC-42A3-9474-1A3956D46DE8}") = "v2", "v2", "{0BFC699E-B28A-4008-B9E1-0B7F39F9511E}"
EndProject
Project("{FAE04EC0-301F-11D3-BF4B-00C04F79EFBC}") = "InvoiceGenerator2.Models", "InvoiceGenerator2.Models\InvoiceGenerator2.Models.csproj", "{7FA92DB6-B70C-4754-B654-BAECF7A72598}"
EndProject
Project("{FAE04EC0-301F-11D3-BF4B-00C04F79EFBC}") = "InvoiceGenerator2.Persistence", "InvoiceGenerator2.Persistence\InvoiceGenerator2.Persistence.csproj", "{85C8B5A7-17F6-4A18-9CED-D5C9B1CF1681}"
EndProject
Project("{FAE04EC0-301F-11D3-BF4B-00C04F79EFBC}") = "InvoiceGenerator2.Helpers", "InvoiceGenerator2.Helpers\InvoiceGenerator2.Helpers.csproj", "{B2C99652-5626-497E-9146-B3B8BF6E9DF2}"
EndProject
Global
	GlobalSection(SolutionConfigurationPlatforms) = preSolution
		Debug|Any CPU = Debug|Any CPU
		Release|Any CPU = Release|Any CPU
	EndGlobalSection
	GlobalSection(ProjectConfigurationPlatforms) = postSolution
		{D5ADC516-0ACB-4C6C-9563-181F05AE3207}.Debug|Any CPU.ActiveCfg = Debug|Any CPU
		{D5ADC516-0ACB-4C6C-9563-181F05AE3207}.Debug|Any CPU.Build.0 = Debug|Any CPU
		{D5ADC516-0ACB-4C6C-9563-181F05AE3207}.Release|Any CPU.ActiveCfg = Release|Any CPU
		{D5ADC516-0ACB-4C6C-9563-181F05AE3207}.Release|Any CPU.Build.0 = Release|Any CPU
		{1805C554-BFA8-44F3-8CC5-DBD7DFA86BCA}.Debug|Any CPU.ActiveCfg = Debug|Any CPU
		{1805C554-BFA8-44F3-8CC5-DBD7DFA86BCA}.Debug|Any CPU.Build.0 = Debug|Any CPU
		{1805C554-BFA8-44F3-8CC5-DBD7DFA86BCA}.Release|Any CPU.ActiveCfg = Release|Any CPU
		{1805C554-BFA8-44F3-8CC5-DBD7DFA86BCA}.Release|Any CPU.Build.0 = Release|Any CPU
		{5315EE99-80AC-44DD-B590-9D036624BFF0}.Debug|Any CPU.ActiveCfg = Debug|Any CPU
		{5315EE99-80AC-44DD-B590-9D036624BFF0}.Debug|Any CPU.Build.0 = Debug|Any CPU
		{5315EE99-80AC-44DD-B590-9D036624BFF0}.Release|Any CPU.ActiveCfg = Release|Any CPU
		{5315EE99-80AC-44DD-B590-9D036624BFF0}.Release|Any CPU.Build.0 = Release|Any CPU
		{6B528EBF-82B1-46DB-8145-1ABA3936CE03}.Debug|Any CPU.ActiveCfg = Debug|Any CPU
		{6B528EBF-82B1-46DB-8145-1ABA3936CE03}.Debug|Any CPU.Build.0 = Debug|Any CPU
		{6B528EBF-82B1-46DB-8145-1ABA3936CE03}.Release|Any CPU.ActiveCfg = Release|Any CPU
		{6B528EBF-82B1-46DB-8145-1ABA3936CE03}.Release|Any CPU.Build.0 = Release|Any CPU
		{7FA92DB6-B70C-4754-B654-BAECF7A72598}.Debug|Any CPU.ActiveCfg = Debug|Any CPU
		{7FA92DB6-B70C-4754-B654-BAECF7A72598}.Debug|Any CPU.Build.0 = Debug|Any CPU
		{7FA92DB6-B70C-4754-B654-BAECF7A72598}.Release|Any CPU.ActiveCfg = Release|Any CPU
		{7FA92DB6-B70C-4754-B654-BAECF7A72598}.Release|Any CPU.Build.0 = Release|Any CPU
		{85C8B5A7-17F6-4A18-9CED-D5C9B1CF1681}.Debug|Any CPU.ActiveCfg = Debug|Any CPU
		{85C8B5A7-17F6-4A18-9CED-D5C9B1CF1681}.Debug|Any CPU.Build.0 = Debug|Any CPU
		{85C8B5A7-17F6-4A18-9CED-D5C9B1CF1681}.Release|Any CPU.ActiveCfg = Release|Any CPU
		{85C8B5A7-17F6-4A18-9CED-D5C9B1CF1681}.Release|Any CPU.Build.0 = Release|Any CPU
		{B2C99652-5626-497E-9146-B3B8BF6E9DF2}.Debug|Any CPU.ActiveCfg = Debug|Any CPU
		{B2C99652-5626-497E-9146-B3B8BF6E9DF2}.Debug|Any CPU.Build.0 = Debug|Any CPU
		{B2C99652-5626-497E-9146-B3B8BF6E9DF2}.Release|Any CPU.ActiveCfg = Release|Any CPU
		{B2C99652-5626-497E-9146-B3B8BF6E9DF2}.Release|Any CPU.Build.0 = Release|Any CPU
	EndGlobalSection
	GlobalSection(SolutionProperties) = preSolution
		HideSolutionNode = FALSE
	EndGlobalSection
	GlobalSection(NestedProjects) = preSolution
		{D5ADC516-0ACB-4C6C-9563-181F05AE3207} = {02EA681E-C7D8-13C7-8484-4AC65E1B71E8}
		{1805C554-BFA8-44F3-8CC5-DBD7DFA86BCA} = {02EA681E-C7D8-13C7-8484-4AC65E1B71E8}
		{5315EE99-80AC-44DD-B590-9D036624BFF0} = {02EA681E-C7D8-13C7-8484-4AC65E1B71E8}
		{6B528EBF-82B1-46DB-8145-1ABA3936CE03} = {0BFC699E-B28A-4008-B9E1-0B7F39F9511E}
		{7FA92DB6-B70C-4754-B654-BAECF7A72598} = {0BFC699E-B28A-4008-B9E1-0B7F39F9511E}
		{85C8B5A7-17F6-4A18-9CED-D5C9B1CF1681} = {0BFC699E-B28A-4008-B9E1-0B7F39F9511E}
		{B2C99652-5626-497E-9146-B3B8BF6E9DF2} = {0BFC699E-B28A-4008-B9E1-0B7F39F9511E}
	EndGlobalSection
	GlobalSection(ExtensibilityGlobals) = postSolution
		SolutionGuid = {129718A8-5D64-4FA5-B1DE-EE741412E5CA}
	EndGlobalSection
EndGlobal
